# This file is automatically @generated by Cargo.
# It is not intended for manual editing.
version = 4

[[package]]
name = "onyx_core"
version = "0.3.0"

[[package]]
name = "onyx_init"
version = "0.3.0"

[[package]]
name = "onyx_kernel"
version = "0.3.0"
dependencies = [
 "onyx_core",
]

[[package]]
name = "onyx_tools"
version = "0.3.0"
